
Microsoft Visual Studio Solution File, Format Version 12.00
# Visual Studio Version 16
VisualStudioVersion = 16.0.808.2
MinimumVisualStudioVersion = 10.0.40219.1
Project("{FAE04EC0-301F-11D3-BF4B-00C04F79EFBC}") = "AdventOfCode2020", "AdventOfCode2020\AdventOfCode2020.csproj", "{699093C0-C06E-4E74-B970-AD1AE196D2E2}"
EndProject
Global
	GlobalSection(SolutionConfigurationPlatforms) = preSolution
		Debug|Any CPU = Debug|Any CPU
		Release|Any CPU = Release|Any CPU
	EndGlobalSection
	GlobalSection(ProjectConfigurationPlatforms) = postSolution
		{699093C0-C06E-4E74-B970-AD1AE196D2E2}.Debug|Any CPU.ActiveCfg = Debug|Any CPU
		{699093C0-C06E-4E74-B970-AD1AE196D2E2}.Debug|Any CPU.Build.0 = Debug|Any CPU
		{699093C0-C06E-4E74-B970-AD1AE196D2E2}.Release|Any CPU.ActiveCfg = Release|Any CPU
		{699093C0-C06E-4E74-B970-AD1AE196D2E2}.Release|Any CPU.Build.0 = Release|Any CPU
	EndGlobalSection
	GlobalSection(SolutionProperties) = preSolution
		HideSolutionNode = FALSE
	EndGlobalSection
	GlobalSection(ExtensibilityGlobals) = postSolution
		SolutionGuid = {465E72F5-15E3-46F7-B347-F4FCDAFBC55E}
	EndGlobalSection
EndGlobal
